
Microsoft Visual Studio Solution File, Format Version 12.00
# Visual Studio Version 17
VisualStudioVersion = 17.3.32929.385
MinimumVisualStudioVersion = 10.0.40219.1
Project("{FAE04EC0-301F-11D3-BF4B-00C04F79EFBC}") = "EVO_MOTION_D6X8", "EVO_MOTION_D6X8.csproj", "{F9280510-F22B-4E31-B164-7AD9CB802AE6}"
EndProject
Global
	GlobalSection(SolutionConfigurationPlatforms) = preSolution
		Debug|Any CPU = Debug|Any CPU
		Release|Any CPU = Release|Any CPU
	EndGlobalSection
	GlobalSection(ProjectConfigurationPlatforms) = postSolution
		{F9280510-F22B-4E31-B164-7AD9CB802AE6}.Debug|Any CPU.ActiveCfg = Debug|Any CPU
		{F9280510-F22B-4E31-B164-7AD9CB802AE6}.Debug|Any CPU.Build.0 = Debug|Any CPU
		{F9280510-F22B-4E31-B164-7AD9CB802AE6}.Release|Any CPU.ActiveCfg = Release|Any CPU
		{F9280510-F22B-4E31-B164-7AD9CB802AE6}.Release|Any CPU.Build.0 = Release|Any CPU
	EndGlobalSection
	GlobalSection(SolutionProperties) = preSolution
		HideSolutionNode = FALSE
	EndGlobalSection
	GlobalSection(ExtensibilityGlobals) = postSolution
		SolutionGuid = {6BE0E38E-A26A-4671-B4FF-F68C7C98B35A}
	EndGlobalSection
EndGlobal
